{
  "nodes": {
    "fish-fzf": {
      "flake": false,
      "locked": {
        "lastModified": 1620776412,
        "narHash": "sha256-28QW/WTLckR4lEfHv6dSotwkAKpNJFCShxmKFGQQ1Ew=",
        "owner": "jethrokuan",
        "repo": "fzf",
        "rev": "479fa67d7439b23095e01b64987ae79a91a4e283",
        "type": "github"
      },
      "original": {
        "owner": "jethrokuan",
        "repo": "fzf",
        "type": "github"
      }
    },
    "fish-ghq": {
      "flake": false,
      "locked": {
        "lastModified": 1626409029,
        "narHash": "sha256-6b1zmjtemNLNPx4qsXtm27AbtjwIZWkzJAo21/aVZzM=",
        "owner": "decors",
        "repo": "fish-ghq",
        "rev": "cafaaabe63c124bf0714f89ec715cfe9ece87fa2",
        "type": "github"
      },
      "original": {
        "owner": "decors",
        "repo": "fish-ghq",
        "type": "github"
      }
    },
    "home-manager": {
      "inputs": {
        "nixpkgs": [
          "nixpkgs"
        ]
      },
      "locked": {
        "lastModified": 1634544068,
        "narHash": "sha256-RlRQBaAHfdWqfRyHdWuDPMkplBTYwuyDQqDcNbP/Sog=",
        "owner": "nix-community",
        "repo": "home-manager",
        "rev": "ff2bed9dac84fb202bbb3c49fdcfe30c29d0b12f",
        "type": "github"
      },
      "original": {
        "owner": "nix-community",
        "ref": "release-21.05",
        "repo": "home-manager",
        "type": "github"
      }
    },
    "nixpkgs": {
      "locked": {
        "lastModified": 1636552551,
        "narHash": "sha256-k7Hq/bvUnRlAfFjPGuw3FsSqqspQdRHsCHpgadw6UkQ=",
        "owner": "nixos",
        "repo": "nixpkgs",
        "rev": "9e86f5f7a19db6da2445f07bafa6694b556f9c6d",
        "type": "github"
      },
      "original": {
        "owner": "nixos",
        "ref": "nixos-21.05",
        "repo": "nixpkgs",
        "type": "github"
      }
    },
    "root": {
      "inputs": {
        "fish-fzf": "fish-fzf",
        "fish-ghq": "fish-ghq",
        "home-manager": "home-manager",
        "nixpkgs": "nixpkgs",
        "theme-bobthefish": "theme-bobthefish"
      }
    },
    "theme-bobthefish": {
      "flake": false,
      "locked": {
        "lastModified": 1636121815,
        "narHash": "sha256-jpp+5Cif3SiV2unilQTXGGiav9ntPKpu1mCmXxpgEFo=",
        "owner": "oh-my-fish",
        "repo": "theme-bobthefish",
        "rev": "332f23abd7a095d5b2c024a061af7b890a4f0c20",
        "type": "github"
      },
      "original": {
        "owner": "oh-my-fish",
        "repo": "theme-bobthefish",
        "type": "github"
      }
    }
  },
  "root": "root",
  "version": 7
}
